// !$*UTF8*$!
{
	archiveVersion = 1;
	classes = {
	};
	objectVersion = 46;
	objects = {

/* Begin PBXBuildFile section */
		EE012E061906D4AA00220DDB /* Foundation.framework in Frameworks */ = {isa = PBXBuildFile; fileRef = EE012E051906D4AA00220DDB /* Foundation.framework */; };
		EE012E081906D4AA00220DDB /* CoreGraphics.framework in Frameworks */ = {isa = PBXBuildFile; fileRef = EE012E071906D4AA00220DDB /* CoreGraphics.framework */; };
		EE012E0A1906D4AA00220DDB /* UIKit.framework in Frameworks */ = {isa = PBXBuildFile; fileRef = EE012E091906D4AA00220DDB /* UIKit.framework */; };
		EE012E101906D4AA00220DDB /* InfoPlist.strings in Resources */ = {isa = PBXBuildFile; fileRef = EE012E0E1906D4AA00220DDB /* InfoPlist.strings */; };
		EE012E121906D4AA00220DDB /* main.m in Sources */ = {isa = PBXBuildFile; fileRef = EE012E111906D4AA00220DDB /* main.m */; };
		EE012E161906D4AA00220DDB /* MDAppDelegate.m in Sources */ = {isa = PBXBuildFile; fileRef = EE012E151906D4AA00220DDB /* MDAppDelegate.m */; };
		EE012E191906D4AA00220DDB /* Main.storyboard in Resources */ = {isa = PBXBuildFile; fileRef = EE012E171906D4AA00220DDB /* Main.storyboard */; };
		EE012E1C1906D4AA00220DDB /* MDViewController.m in Sources */ = {isa = PBXBuildFile; fileRef = EE012E1B1906D4AA00220DDB /* MDViewController.m */; };
		EE012E1E1906D4AA00220DDB /* Images.xcassets in Resources */ = {isa = PBXBuildFile; fileRef = EE012E1D1906D4AA00220DDB /* Images.xcassets */; };
		EE012E251906D4AA00220DDB /* XCTest.framework in Frameworks */ = {isa = PBXBuildFile; fileRef = EE012E241906D4AA00220DDB /* XCTest.framework */; };
		EE012E261906D4AA00220DDB /* Foundation.framework in Frameworks */ = {isa = PBXBuildFile; fileRef = EE012E051906D4AA00220DDB /* Foundation.framework */; };
		EE012E271906D4AA00220DDB /* UIKit.framework in Frameworks */ = {isa = PBXBuildFile; fileRef = EE012E091906D4AA00220DDB /* UIKit.framework */; };
		EE012E2F1906D4AA00220DDB /* InfoPlist.strings in Resources */ = {isa = PBXBuildFile; fileRef = EE012E2D1906D4AA00220DDB /* InfoPlist.strings */; };
		EE012E311906D4AA00220DDB /* Git_TestTests.m in Sources */ = {isa = PBXBuildFile; fileRef = EE012E301906D4AA00220DDB /* Git_TestTests.m */; };
		EE012E3C1906DBEF00220DDB /* MDTest.m in Sources */ = {isa = PBXBuildFile; fileRef = EE012E3B1906DBEF00220DDB /* MDTest.m */; };
/* End PBXBuildFile section */

/* Begin PBXContainerItemProxy section */
		EE012E281906D4AA00220DDB /* PBXContainerItemProxy */ = {
			isa = PBXContainerItemProxy;
			containerPortal = EE012DFA1906D4AA00220DDB /* Project object */;
			proxyType = 1;
			remoteGlobalIDString = EE012E011906D4AA00220DDB;
			remoteInfo = "Git Test";
		};
/* End PBXContainerItemProxy section */

/* Begin PBXFileReference section */
		EE012E021906D4AA00220DDB /* Git Test.app */ = {isa = PBXFileReference; explicitFileType = wrapper.application; includeInIndex = 0; path = "Git Test.app"; sourceTree = BUILT_PRODUCTS_DIR; };
		EE012E051906D4AA00220DDB /* Foundation.framework */ = {isa = PBXFileReference; lastKnownFileType = wrapper.framework; name = Foundation.framework; path = System/Library/Frameworks/Foundation.framework; sourceTree = SDKROOT; };
		EE012E071906D4AA00220DDB /* CoreGraphics.framework */ = {isa = PBXFileReference; lastKnownFileType = wrapper.framework; name = CoreGraphics.framework; path = System/Library/Frameworks/CoreGraphics.framework; sourceTree = SDKROOT; };
		EE012E091906D4AA00220DDB /* UIKit.framework */ = {isa = PBXFileReference; lastKnownFileType = wrapper.framework; name = UIKit.framework; path = System/Library/Frameworks/UIKit.framework; sourceTree = SDKROOT; };
		EE012E0D1906D4AA00220DDB /* Git Test-Info.plist */ = {isa = PBXFileReference; lastKnownFileType = text.plist.xml; path = "Git Test-Info.plist"; sourceTree = "<group>"; };
		EE012E0F1906D4AA00220DDB /* en */ = {isa = PBXFileReference; lastKnownFileType = text.plist.strings; name = en; path = en.lproj/InfoPlist.strings; sourceTree = "<group>"; };
		EE012E111906D4AA00220DDB /* main.m */ = {isa = PBXFileReference; lastKnownFileType = sourcecode.c.objc; path = main.m; sourceTree = "<group>"; };
		EE012E131906D4AA00220DDB /* Git Test-Prefix.pch */ = {isa = PBXFileReference; lastKnownFileType = sourcecode.c.h; path = "Git Test-Prefix.pch"; sourceTree = "<group>"; };
		EE012E141906D4AA00220DDB /* MDAppDelegate.h */ = {isa = PBXFileReference; lastKnownFileType = sourcecode.c.h; path = MDAppDelegate.h; sourceTree = "<group>"; };
		EE012E151906D4AA00220DDB /* MDAppDelegate.m */ = {isa = PBXFileReference; lastKnownFileType = sourcecode.c.objc; path = MDAppDelegate.m; sourceTree = "<group>"; };
		EE012E181906D4AA00220DDB /* Base */ = {isa = PBXFileReference; lastKnownFileType = file.storyboard; name = Base; path = Base.lproj/Main.storyboard; sourceTree = "<group>"; };
		EE012E1A1906D4AA00220DDB /* MDViewController.h */ = {isa = PBXFileReference; lastKnownFileType = sourcecode.c.h; path = MDViewController.h; sourceTree = "<group>"; };
		EE012E1B1906D4AA00220DDB /* MDViewController.m */ = {isa = PBXFileReference; lastKnownFileType = sourcecode.c.objc; path = MDViewController.m; sourceTree = "<group>"; };
		EE012E1D1906D4AA00220DDB /* Images.xcassets */ = {isa = PBXFileReference; lastKnownFileType = folder.assetcatalog; path = Images.xcassets; sourceTree = "<group>"; };
		EE012E231906D4AA00220DDB /* Git TestTests.xctest */ = {isa = PBXFileReference; explicitFileType = wrapper.cfbundle; includeInIndex = 0; path = "Git TestTests.xctest"; sourceTree = BUILT_PRODUCTS_DIR; };
		EE012E241906D4AA00220DDB /* XCTest.framework */ = {isa = PBXFileReference; lastKnownFileType = wrapper.framework; name = XCTest.framework; path = Library/Frameworks/XCTest.framework; sourceTree = DEVELOPER_DIR; };
		EE012E2C1906D4AA00220DDB /* Git TestTests-Info.plist */ = {isa = PBXFileReference; lastKnownFileType = text.plist.xml; path = "Git TestTests-Info.plist"; sourceTree = "<group>"; };
		EE012E2E1906D4AA00220DDB /* en */ = {isa = PBXFileReference; lastKnownFileType = text.plist.strings; name = en; path = en.lproj/InfoPlist.strings; sourceTree = "<group>"; };
		EE012E301906D4AA00220DDB /* Git_TestTests.m */ = {isa = PBXFileReference; lastKnownFileType = sourcecode.c.objc; path = Git_TestTests.m; sourceTree = "<group>"; };
		EE012E3A1906DBEF00220DDB /* MDTest.h */ = {isa = PBXFileReference; fileEncoding = 4; lastKnownFileType = sourcecode.c.h; path = MDTest.h; sourceTree = "<group>"; };
		EE012E3B1906DBEF00220DDB /* MDTest.m */ = {isa = PBXFileReference; fileEncoding = 4; lastKnownFileType = sourcecode.c.objc; path = MDTest.m; sourceTree = "<group>"; };
/* End PBXFileReference section */

/* Begin PBXFrameworksBuildPhase section */
		EE012DFF1906D4AA00220DDB /* Frameworks */ = {
			isa = PBXFrameworksBuildPhase;
			buildActionMask = 2147483647;
			files = (
				EE012E081906D4AA00220DDB /* CoreGraphics.framework in Frameworks */,
				EE012E0A1906D4AA00220DDB /* UIKit.framework in Frameworks */,
				EE012E061906D4AA00220DDB /* Foundation.framework in Frameworks */,
			);
			runOnlyForDeploymentPostprocessing = 0;
		};
		EE012E201906D4AA00220DDB /* Frameworks */ = {
			isa = PBXFrameworksBuildPhase;
			buildActionMask = 2147483647;
			files = (
				EE012E251906D4AA00220DDB /* XCTest.framework in Frameworks */,
				EE012E271906D4AA00220DDB /* UIKit.framework in Frameworks */,
				EE012E261906D4AA00220DDB /* Foundation.framework in Frameworks */,
			);
			runOnlyForDeploymentPostprocessing = 0;
		};
/* End PBXFrameworksBuildPhase section */

/* Begin PBXGroup section */
		EE012DF91906D4AA00220DDB = {
			isa = PBXGroup;
			children = (
				EE012E0B1906D4AA00220DDB /* Git Test */,
				EE012E2A1906D4AA00220DDB /* Git TestTests */,
				EE012E041906D4AA00220DDB /* Frameworks */,
				EE012E031906D4AA00220DDB /* Products */,
			);
			sourceTree = "<group>";
		};
		EE012E031906D4AA00220DDB /* Products */ = {
			isa = PBXGroup;
			children = (
				EE012E021906D4AA00220DDB /* Git Test.app */,
				EE012E231906D4AA00220DDB /* Git TestTests.xctest */,
			);
			name = Products;
			sourceTree = "<group>";
		};
		EE012E041906D4AA00220DDB /* Frameworks */ = {
			isa = PBXGroup;
			children = (
				EE012E051906D4AA00220DDB /* Foundation.framework */,
				EE012E071906D4AA00220DDB /* CoreGraphics.framework */,
				EE012E091906D4AA00220DDB /* UIKit.framework */,
				EE012E241906D4AA00220DDB /* XCTest.framework */,
			);
			name = Frameworks;
			sourceTree = "<group>";
		};
		EE012E0B1906D4AA00220DDB /* Git Test */ = {
			isa = PBXGroup;
			children = (
				EE012E141906D4AA00220DDB /* MDAppDelegate.h */,
				EE012E151906D4AA00220DDB /* MDAppDelegate.m */,
				EE012E171906D4AA00220DDB /* Main.storyboard */,
				EE012E1A1906D4AA00220DDB /* MDViewController.h */,
				EE012E1B1906D4AA00220DDB /* MDViewController.m */,
				EE012E3A1906DBEF00220DDB /* MDTest.h */,
				EE012E3B1906DBEF00220DDB /* MDTest.m */,
				EE012E1D1906D4AA00220DDB /* Images.xcassets */,
				EE012E0C1906D4AA00220DDB /* Supporting Files */,
			);
			path = "Git Test";
			sourceTree = "<group>";
		};
		EE012E0C1906D4AA00220DDB /* Supporting Files */ = {
			isa = PBXGroup;
			children = (
				EE012E0D1906D4AA00220DDB /* Git Test-Info.plist */,
				EE012E0E1906D4AA00220DDB /* InfoPlist.strings */,
				EE012E111906D4AA00220DDB /* main.m */,
				EE012E131906D4AA00220DDB /* Git Test-Prefix.pch */,
			);
			name = "Supporting Files";
			sourceTree = "<group>";
		};
		EE012E2A1906D4AA00220DDB /* Git TestTests */ = {
			isa = PBXGroup;
			children = (
				EE012E301906D4AA00220DDB /* Git_TestTests.m */,
				EE012E2B1906D4AA00220DDB /* Supporting Files */,
			);
			path = "Git TestTests";
			sourceTree = "<group>";
		};
		EE012E2B1906D4AA00220DDB /* Supporting Files */ = {
			isa = PBXGroup;
			children = (
				EE012E2C1906D4AA00220DDB /* Git TestTests-Info.plist */,
				EE012E2D1906D4AA00220DDB /* InfoPlist.strings */,
			);
			name = "Supporting Files";
			sourceTree = "<group>";
		};
/* End PBXGroup section */

/* Begin PBXNativeTarget section */
		EE012E011906D4AA00220DDB /* Git Test */ = {
			isa = PBXNativeTarget;
			buildConfigurationList = EE012E341906D4AA00220DDB /* Build configuration list for PBXNativeTarget "Git Test" */;
			buildPhases = (
				EE012DFE1906D4AA00220DDB /* Sources */,
				EE012DFF1906D4AA00220DDB /* Frameworks */,
				EE012E001906D4AA00220DDB /* Resources */,
			);
			buildRules = (
			);
			dependencies = (
			);
			name = "Git Test";
			productName = "Git Test";
			productReference = EE012E021906D4AA00220DDB /* Git Test.app */;
			productType = "com.apple.product-type.application";
		};
		EE012E221906D4AA00220DDB /* Git TestTests */ = {
			isa = PBXNativeTarget;
			buildConfigurationList = EE012E371906D4AA00220DDB /* Build configuration list for PBXNativeTarget "Git TestTests" */;
			buildPhases = (
				EE012E1F1906D4AA00220DDB /* Sources */,
				EE012E201906D4AA00220DDB /* Frameworks */,
				EE012E211906D4AA00220DDB /* Resources */,
			);
			buildRules = (
			);
			dependencies = (
				EE012E291906D4AA00220DDB /* PBXTargetDependency */,
			);
			name = "Git TestTests";
			productName = "Git TestTests";
			productReference = EE012E231906D4AA00220DDB /* Git TestTests.xctest */;
			productType = "com.apple.product-type.bundle.unit-test";
		};
/* End PBXNativeTarget section */

/* Begin PBXProject section */
		EE012DFA1906D4AA00220DDB /* Project object */ = {
			isa = PBXProject;
			attributes = {
				CLASSPREFIX = MD;
				LastUpgradeCheck = 0500;
				ORGANIZATIONNAME = MicroStrategy;
				TargetAttributes = {
					EE012E221906D4AA00220DDB = {
						TestTargetID = EE012E011906D4AA00220DDB;
					};
				};
			};
			buildConfigurationList = EE012DFD1906D4AA00220DDB /* Build configuration list for PBXProject "Git Test" */;
			compatibilityVersion = "Xcode 3.2";
			developmentRegion = English;
			hasScannedForEncodings = 0;
			knownRegions = (
				en,
				Base,
			);
			mainGroup = EE012DF91906D4AA00220DDB;
			productRefGroup = EE012E031906D4AA00220DDB /* Products */;
			projectDirPath = "";
			projectRoot = "";
			targets = (
				EE012E011906D4AA00220DDB /* Git Test */,
				EE012E221906D4AA00220DDB /* Git TestTests */,
			);
		};
/* End PBXProject section */

/* Begin PBXResourcesBuildPhase section */
		EE012E001906D4AA00220DDB /* Resources */ = {
			isa = PBXResourcesBuildPhase;
			buildActionMask = 2147483647;
			files = (
				EE012E1E1906D4AA00220DDB /* Images.xcassets in Resources */,
				EE012E101906D4AA00220DDB /* InfoPlist.strings in Resources */,
				EE012E191906D4AA00220DDB /* Main.storyboard in Resources */,
			);
			runOnlyForDeploymentPostprocessing = 0;
		};
		EE012E211906D4AA00220DDB /* Resources */ = {
			isa = PBXResourcesBuildPhase;
			buildActionMask = 2147483647;
			files = (
				EE012E2F1906D4AA00220DDB /* InfoPlist.strings in Resources */,
			);
			runOnlyForDeploymentPostprocessing = 0;
		};
/* End PBXResourcesBuildPhase section */

/* Begin PBXSourcesBuildPhase section */
		EE012DFE1906D4AA00220DDB /* Sources */ = {
			isa = PBXSourcesBuildPhase;
			buildActionMask = 2147483647;
			files = (
				EE012E3C1906DBEF00220DDB /* MDTest.m in Sources */,
				EE012E121906D4AA00220DDB /* main.m in Sources */,
				EE012E1C1906D4AA00220DDB /* MDViewController.m in Sources */,
				EE012E161906D4AA00220DDB /* MDAppDelegate.m in Sources */,
			);
			runOnlyForDeploymentPostprocessing = 0;
		};
		EE012E1F1906D4AA00220DDB /* Sources */ = {
			isa = PBXSourcesBuildPhase;
			buildActionMask = 2147483647;
			files = (
				EE012E311906D4AA00220DDB /* Git_TestTests.m in Sources */,
			);
			runOnlyForDeploymentPostprocessing = 0;
		};
/* End PBXSourcesBuildPhase section */

/* Begin PBXTargetDependency section */
		EE012E291906D4AA00220DDB /* PBXTargetDependency */ = {
			isa = PBXTargetDependency;
			target = EE012E011906D4AA00220DDB /* Git Test */;
			targetProxy = EE012E281906D4AA00220DDB /* PBXContainerItemProxy */;
		};
/* End PBXTargetDependency section */

/* Begin PBXVariantGroup section */
		EE012E0E1906D4AA00220DDB /* InfoPlist.strings */ = {
			isa = PBXVariantGroup;
			children = (
				EE012E0F1906D4AA00220DDB /* en */,
			);
			name = InfoPlist.strings;
			sourceTree = "<group>";
		};
		EE012E171906D4AA00220DDB /* Main.storyboard */ = {
			isa = PBXVariantGroup;
			children = (
				EE012E181906D4AA00220DDB /* Base */,
			);
			name = Main.storyboard;
			sourceTree = "<group>";
		};
		EE012E2D1906D4AA00220DDB /* InfoPlist.strings */ = {
			isa = PBXVariantGroup;
			children = (
				EE012E2E1906D4AA00220DDB /* en */,
			);
			name = InfoPlist.strings;
			sourceTree = "<group>";
		};
/* End PBXVariantGroup section */

/* Begin XCBuildConfiguration section */
		EE012E321906D4AA00220DDB /* Debug */ = {
			isa = XCBuildConfiguration;
			buildSettings = {
				ALWAYS_SEARCH_USER_PATHS = NO;
				ARCHS = "$(ARCHS_STANDARD_INCLUDING_64_BIT)";
				CLANG_CXX_LANGUAGE_STANDARD = "gnu++0x";
				CLANG_CXX_LIBRARY = "libc++";
				CLANG_ENABLE_MODULES = YES;
				CLANG_ENABLE_OBJC_ARC = YES;
				CLANG_WARN_BOOL_CONVERSION = YES;
				CLANG_WARN_CONSTANT_CONVERSION = YES;
				CLANG_WARN_DIRECT_OBJC_ISA_USAGE = YES_ERROR;
				CLANG_WARN_EMPTY_BODY = YES;
				CLANG_WARN_ENUM_CONVERSION = YES;
				CLANG_WARN_INT_CONVERSION = YES;
				CLANG_WARN_OBJC_ROOT_CLASS = YES_ERROR;
				CLANG_WARN__DUPLICATE_METHOD_MATCH = YES;
				"CODE_SIGN_IDENTITY[sdk=iphoneos*]" = "iPhone Developer";
				COPY_PHASE_STRIP = NO;
				GCC_C_LANGUAGE_STANDARD = gnu99;
				GCC_DYNAMIC_NO_PIC = NO;
				GCC_OPTIMIZATION_LEVEL = 0;
				GCC_PREPROCESSOR_DEFINITIONS = (
					"DEBUG=1",
					"$(inherited)",
				);
				GCC_SYMBOLS_PRIVATE_EXTERN = NO;
				GCC_WARN_64_TO_32_BIT_CONVERSION = YES;
				GCC_WARN_ABOUT_RETURN_TYPE = YES_ERROR;
				GCC_WARN_UNDECLARED_SELECTOR = YES;
				GCC_WARN_UNINITIALIZED_AUTOS = YES;
				GCC_WARN_UNUSED_FUNCTION = YES;
				GCC_WARN_UNUSED_VARIABLE = YES;
				IPHONEOS_DEPLOYMENT_TARGET = 7.0;
				ONLY_ACTIVE_ARCH = YES;
				SDKROOT = iphoneos;
			};
			name = Debug;
		};
		EE012E331906D4AA00220DDB /* Release */ = {
			isa = XCBuildConfiguration;
			buildSettings = {
				ALWAYS_SEARCH_USER_PATHS = NO;
				ARCHS = "$(ARCHS_STANDARD_INCLUDING_64_BIT)";
				CLANG_CXX_LANGUAGE_STANDARD = "gnu++0x";
				CLANG_CXX_LIBRARY = "libc++";
				CLANG_ENABLE_MODULES = YES;
				CLANG_ENABLE_OBJC_ARC = YES;
				CLANG_WARN_BOOL_CONVERSION = YES;
				CLANG_WARN_CONSTANT_CONVERSION = YES;
				CLANG_WARN_DIRECT_OBJC_ISA_USAGE = YES_ERROR;
				CLANG_WARN_EMPTY_BODY = YES;
				CLANG_WARN_ENUM_CONVERSION = YES;
				CLANG_WARN_INT_CONVERSION = YES;
				CLANG_WARN_OBJC_ROOT_CLASS = YES_ERROR;
				CLANG_WARN__DUPLICATE_METHOD_MATCH = YES;
				"CODE_SIGN_IDENTITY[sdk=iphoneos*]" = "iPhone Developer";
				COPY_PHASE_STRIP = YES;
				ENABLE_NS_ASSERTIONS = NO;
				GCC_C_LANGUAGE_STANDARD = gnu99;
				GCC_WARN_64_TO_32_BIT_CONVERSION = YES;
				GCC_WARN_ABOUT_RETURN_TYPE = YES_ERROR;
				GCC_WARN_UNDECLARED_SELECTOR = YES;
				GCC_WARN_UNINITIALIZED_AUTOS = YES;
				GCC_WARN_UNUSED_FUNCTION = YES;
				GCC_WARN_UNUSED_VARIABLE = YES;
				IPHONEOS_DEPLOYMENT_TARGET = 7.0;
				SDKROOT = iphoneos;
				VALIDATE_PRODUCT = YES;
			};
			name = Release;
		};
		EE012E351906D4AA00220DDB /* Debug */ = {
			isa = XCBuildConfiguration;
			buildSettings = {
				ASSETCATALOG_COMPILER_APPICON_NAME = AppIcon;
				ASSETCATALOG_COMPILER_LAUNCHIMAGE_NAME = LaunchImage;
				GCC_PRECOMPILE_PREFIX_HEADER = YES;
				GCC_PREFIX_HEADER = "Git Test/Git Test-Prefix.pch";
				INFOPLIST_FILE = "Git Test/Git Test-Info.plist";
				PRODUCT_NAME = "$(TARGET_NAME)";
				WRAPPER_EXTENSION = app;
			};
			name = Debug;
		};
		EE012E361906D4AA00220DDB /* Release */ = {
			isa = XCBuildConfiguration;
			buildSettings = {
				ASSETCATALOG_COMPILER_APPICON_NAME = AppIcon;
				ASSETCATALOG_COMPILER_LAUNCHIMAGE_NAME = LaunchImage;
				GCC_PRECOMPILE_PREFIX_HEADER = YES;
				GCC_PREFIX_HEADER = "Git Test/Git Test-Prefix.pch";
				INFOPLIST_FILE = "Git Test/Git Test-Info.plist";
				PRODUCT_NAME = "$(TARGET_NAME)";
				WRAPPER_EXTENSION = app;
			};
			name = Release;
		};
		EE012E381906D4AA00220DDB /* Debug */ = {
			isa = XCBuildConfiguration;
			buildSettings = {
				ARCHS = "$(ARCHS_STANDARD_INCLUDING_64_BIT)";
				BUNDLE_LOADER = "$(BUILT_PRODUCTS_DIR)/Git Test.app/Git Test";
				FRAMEWORK_SEARCH_PATHS = (
					"$(SDKROOT)/Developer/Library/Frameworks",
					"$(inherited)",
					"$(DEVELOPER_FRAMEWORKS_DIR)",
				);
				GCC_PRECOMPILE_PREFIX_HEADER = YES;
				GCC_PREFIX_HEADER = "Git Test/Git Test-Prefix.pch";
				GCC_PREPROCESSOR_DEFINITIONS = (
					"DEBUG=1",
					"$(inherited)",
				);
				INFOPLIST_FILE = "Git TestTests/Git TestTests-Info.plist";
				PRODUCT_NAME = "$(TARGET_NAME)";
				TEST_HOST = "$(BUNDLE_LOADER)";
				WRAPPER_EXTENSION = xctest;
			};
			name = Debug;
		};
		EE012E391906D4AA00220DDB /* Release */ = {
			isa = XCBuildConfiguration;
			buildSettings = {
				ARCHS = "$(ARCHS_STANDARD_INCLUDING_64_BIT)";
				BUNDLE_LOADER = "$(BUILT_PRODUCTS_DIR)/Git Test.app/Git Test";
				FRAMEWORK_SEARCH_PATHS = (
					"$(SDKROOT)/Developer/Library/Frameworks",
					"$(inherited)",
					"$(DEVELOPER_FRAMEWORKS_DIR)",
				);
				GCC_PRECOMPILE_PREFIX_HEADER = YES;
				GCC_PREFIX_HEADER = "Git Test/Git Test-Prefix.pch";
				INFOPLIST_FILE = "Git TestTests/Git TestTests-Info.plist";
				PRODUCT_NAME = "$(TARGET_NAME)";
				TEST_HOST = "$(BUNDLE_LOADER)";
				WRAPPER_EXTENSION = xctest;
			};
			name = Release;
		};
/* End XCBuildConfiguration section */

/* Begin XCConfigurationList section */
		EE012DFD1906D4AA00220DDB /* Build configuration list for PBXProject "Git Test" */ = {
			isa = XCConfigurationList;
			buildConfigurations = (
				EE012E321906D4AA00220DDB /* Debug */,
				EE012E331906D4AA00220DDB /* Release */,
			);
			defaultConfigurationIsVisible = 0;
			defaultConfigurationName = Release;
		};
		EE012E341906D4AA00220DDB /* Build configuration list for PBXNativeTarget "Git Test" */ = {
			isa = XCConfigurationList;
			buildConfigurations = (
				EE012E351906D4AA00220DDB /* Debug */,
				EE012E361906D4AA00220DDB /* Release */,
			);
			defaultConfigurationIsVisible = 0;
		};
		EE012E371906D4AA00220DDB /* Build configuration list for PBXNativeTarget "Git TestTests" */ = {
			isa = XCConfigurationList;
			buildConfigurations = (
				EE012E381906D4AA00220DDB /* Debug */,
				EE012E391906D4AA00220DDB /* Release */,
			);
			defaultConfigurationIsVisible = 0;
		};
/* End XCConfigurationList section */
	};
	rootObject = EE012DFA1906D4AA00220DDB /* Project object */;
}
